
Microsoft Visual Studio Solution File, Format Version 12.00
# Visual Studio 15
Project("{FAE04EC0-301F-11D3-BF4B-00C04F79EFBC}") = "TelegramBot", "TelegramBot.csproj", "{A910EF2E-9062-4898-9582-12D438874D68}"
EndProject
Global
	GlobalSection(SolutionConfigurationPlatforms) = preSolution
		Debug|Any CPU = Debug|Any CPU
		Release|Any CPU = Release|Any CPU
	EndGlobalSection
	GlobalSection(ProjectConfigurationPlatforms) = postSolution
		{A910EF2E-9062-4898-9582-12D438874D68}.Debug|Any CPU.ActiveCfg = Debug|Any CPU
		{A910EF2E-9062-4898-9582-12D438874D68}.Debug|Any CPU.Build.0 = Debug|Any CPU
		{A910EF2E-9062-4898-9582-12D438874D68}.Release|Any CPU.ActiveCfg = Release|Any CPU
		{A910EF2E-9062-4898-9582-12D438874D68}.Release|Any CPU.Build.0 = Release|Any CPU
	EndGlobalSection
EndGlobal
